PODS:
  - Alamofire (3.3.1)
  - FOBKit (0.1.0)

DEPENDENCIES:
  - Alamofire
  - FOBKit (from `FOBKit/`)

EXTERNAL SOURCES:
  FOBKit:
    :path: FOBKit/

SPEC CHECKSUMS:
  Alamofire: 369bc67b6f5ac33ded3648d7bd21c5bfb91c2ecc
  FOBKit: 413854e3019acbda293491a618bce3bcadbd048e

PODFILE CHECKSUM: 1e9c03221acb8cab0929b47b17361aa50f0a842f

COCOAPODS: 1.0.0
